
Microsoft Visual Studio Solution File, Format Version 12.00
# Visual Studio Version 17
VisualStudioVersion = 17.5.33516.290
MinimumVisualStudioVersion = 10.0.40219.1
Project("{FAE04EC0-301F-11D3-BF4B-00C04F79EFBC}") = "kutuphane otomasyon_", "kutuphane otomasyon_\kutuphane otomasyon_.csproj", "{9B5586E8-8713-4825-B8F4-5C1FCE341AB0}"
EndProject
Global
	GlobalSection(SolutionConfigurationPlatforms) = preSolution
		Debug|Any CPU = Debug|Any CPU
		Release|Any CPU = Release|Any CPU
	EndGlobalSection
	GlobalSection(ProjectConfigurationPlatforms) = postSolution
		{9B5586E8-8713-4825-B8F4-5C1FCE341AB0}.Debug|Any CPU.ActiveCfg = Debug|Any CPU
		{9B5586E8-8713-4825-B8F4-5C1FCE341AB0}.Debug|Any CPU.Build.0 = Debug|Any CPU
		{9B5586E8-8713-4825-B8F4-5C1FCE341AB0}.Release|Any CPU.ActiveCfg = Release|Any CPU
		{9B5586E8-8713-4825-B8F4-5C1FCE341AB0}.Release|Any CPU.Build.0 = Release|Any CPU
	EndGlobalSection
	GlobalSection(SolutionProperties) = preSolution
		HideSolutionNode = FALSE
	EndGlobalSection
	GlobalSection(ExtensibilityGlobals) = postSolution
		SolutionGuid = {1781202E-E138-4B39-99E5-03F42E0F718F}
	EndGlobalSection
EndGlobal
